
Microsoft Visual Studio Solution File, Format Version 12.00
# Visual Studio Version 17
VisualStudioVersion = 17.3.32819.101
MinimumVisualStudioVersion = 10.0.40219.1
Project("{9A19103F-16F7-4668-BE54-9A1E7A4F7556}") = "Consola", "Bazar\Consola.csproj", "{9FC9BA5D-A86E-4A7E-87D5-586E194A86B1}"
EndProject
Project("{FAE04EC0-301F-11D3-BF4B-00C04F79EFBC}") = "VistaForm", "VistaForm\VistaForm.csproj", "{62E0A3B4-9916-47B2-9AB9-4EC7DD6E8D8D}"
EndProject
Project("{FAE04EC0-301F-11D3-BF4B-00C04F79EFBC}") = "LogicaNet", "LogicaNet\LogicaNet.csproj", "{7B56CA21-096D-45E1-80CC-6C9319DF94B6}"
EndProject
Global
	GlobalSection(SolutionConfigurationPlatforms) = preSolution
		Debug|Any CPU = Debug|Any CPU
		Release|Any CPU = Release|Any CPU
	EndGlobalSection
	GlobalSection(ProjectConfigurationPlatforms) = postSolution
		{9FC9BA5D-A86E-4A7E-87D5-586E194A86B1}.Debug|Any CPU.ActiveCfg = Debug|Any CPU
		{9FC9BA5D-A86E-4A7E-87D5-586E194A86B1}.Debug|Any CPU.Build.0 = Debug|Any CPU
		{9FC9BA5D-A86E-4A7E-87D5-586E194A86B1}.Release|Any CPU.ActiveCfg = Release|Any CPU
		{9FC9BA5D-A86E-4A7E-87D5-586E194A86B1}.Release|Any CPU.Build.0 = Release|Any CPU
		{62E0A3B4-9916-47B2-9AB9-4EC7DD6E8D8D}.Debug|Any CPU.ActiveCfg = Debug|Any CPU
		{62E0A3B4-9916-47B2-9AB9-4EC7DD6E8D8D}.Debug|Any CPU.Build.0 = Debug|Any CPU
		{62E0A3B4-9916-47B2-9AB9-4EC7DD6E8D8D}.Release|Any CPU.ActiveCfg = Release|Any CPU
		{62E0A3B4-9916-47B2-9AB9-4EC7DD6E8D8D}.Release|Any CPU.Build.0 = Release|Any CPU
		{7B56CA21-096D-45E1-80CC-6C9319DF94B6}.Debug|Any CPU.ActiveCfg = Debug|Any CPU
		{7B56CA21-096D-45E1-80CC-6C9319DF94B6}.Debug|Any CPU.Build.0 = Debug|Any CPU
		{7B56CA21-096D-45E1-80CC-6C9319DF94B6}.Release|Any CPU.ActiveCfg = Release|Any CPU
		{7B56CA21-096D-45E1-80CC-6C9319DF94B6}.Release|Any CPU.Build.0 = Release|Any CPU
	EndGlobalSection
	GlobalSection(SolutionProperties) = preSolution
		HideSolutionNode = FALSE
	EndGlobalSection
	GlobalSection(ExtensibilityGlobals) = postSolution
		SolutionGuid = {66846DBA-3EFA-42D2-B0BC-27EF88DF9DD3}
	EndGlobalSection
EndGlobal
